
Microsoft Visual Studio Solution File, Format Version 12.00
# Visual Studio Version 16
VisualStudioVersion = 16.0.30907.101
MinimumVisualStudioVersion = 10.0.40219.1
Project("{FAE04EC0-301F-11D3-BF4B-00C04F79EFBC}") = "Tropico6MoneyTrainer", "Tropico6MoneyTrainer\Tropico6MoneyTrainer.csproj", "{681E1EAA-6FFA-40BC-B704-328514D25BFB}"
EndProject
Global
	GlobalSection(SolutionConfigurationPlatforms) = preSolution
		Debug|Any CPU = Debug|Any CPU
		Release|Any CPU = Release|Any CPU
	EndGlobalSection
	GlobalSection(ProjectConfigurationPlatforms) = postSolution
		{681E1EAA-6FFA-40BC-B704-328514D25BFB}.Debug|Any CPU.ActiveCfg = Debug|Any CPU
		{681E1EAA-6FFA-40BC-B704-328514D25BFB}.Debug|Any CPU.Build.0 = Debug|Any CPU
		{681E1EAA-6FFA-40BC-B704-328514D25BFB}.Release|Any CPU.ActiveCfg = Release|Any CPU
		{681E1EAA-6FFA-40BC-B704-328514D25BFB}.Release|Any CPU.Build.0 = Release|Any CPU
	EndGlobalSection
	GlobalSection(SolutionProperties) = preSolution
		HideSolutionNode = FALSE
	EndGlobalSection
	GlobalSection(ExtensibilityGlobals) = postSolution
		SolutionGuid = {3447C96F-9D14-4691-BD04-15F6EDA3463A}
	EndGlobalSection
EndGlobal
